
Microsoft Visual Studio Solution File, Format Version 12.00
# Visual Studio Version 16
VisualStudioVersion = 16.0.30011.22
MinimumVisualStudioVersion = 10.0.40219.1
Project("{FAE04EC0-301F-11D3-BF4B-00C04F79EFBC}") = "Test_Tak", "Test_Tak.csproj", "{34BD1011-38D6-4173-A118-28D8B7C98FC7}"
EndProject
Global
	GlobalSection(SolutionConfigurationPlatforms) = preSolution
		Debug|Any CPU = Debug|Any CPU
		Release|Any CPU = Release|Any CPU
	EndGlobalSection
	GlobalSection(ProjectConfigurationPlatforms) = postSolution
		{34BD1011-38D6-4173-A118-28D8B7C98FC7}.Debug|Any CPU.ActiveCfg = Debug|Any CPU
		{34BD1011-38D6-4173-A118-28D8B7C98FC7}.Debug|Any CPU.Build.0 = Debug|Any CPU
		{34BD1011-38D6-4173-A118-28D8B7C98FC7}.Release|Any CPU.ActiveCfg = Release|Any CPU
		{34BD1011-38D6-4173-A118-28D8B7C98FC7}.Release|Any CPU.Build.0 = Release|Any CPU
	EndGlobalSection
	GlobalSection(SolutionProperties) = preSolution
		HideSolutionNode = FALSE
	EndGlobalSection
	GlobalSection(ExtensibilityGlobals) = postSolution
		SolutionGuid = {62D8B2ED-DB0F-499C-B657-EF123AC77E14}
	EndGlobalSection
EndGlobal
